// !$*UTF8*$!
{
	archiveVersion = 1;
	classes = {
	};
	objectVersion = 55;
	objects = {

/* Begin PBXBuildFile section */
		9ACF8CBC2803F13400FBD012 /* weather_forecastApp.swift in Sources */ = {isa = PBXBuildFile; fileRef = 9ACF8CBB2803F13400FBD012 /* weather_forecastApp.swift */; };
		9ACF8CBE2803F13400FBD012 /* ContentView.swift in Sources */ = {isa = PBXBuildFile; fileRef = 9ACF8CBD2803F13400FBD012 /* ContentView.swift */; };
		9ACF8CC02803F13600FBD012 /* Assets.xcassets in Resources */ = {isa = PBXBuildFile; fileRef = 9ACF8CBF2803F13600FBD012 /* Assets.xcassets */; };
		9ACF8CC32803F13600FBD012 /* Preview Assets.xcassets in Resources */ = {isa = PBXBuildFile; fileRef = 9ACF8CC22803F13600FBD012 /* Preview Assets.xcassets */; };
		9ACF8CCD2803F13700FBD012 /* weather_forecastTests.swift in Sources */ = {isa = PBXBuildFile; fileRef = 9ACF8CCC2803F13700FBD012 /* weather_forecastTests.swift */; };
		9ACF8CD72803F13700FBD012 /* weather_forecastUITests.swift in Sources */ = {isa = PBXBuildFile; fileRef = 9ACF8CD62803F13700FBD012 /* weather_forecastUITests.swift */; };
		9ACF8CD92803F13700FBD012 /* weather_forecastUITestsLaunchTests.swift in Sources */ = {isa = PBXBuildFile; fileRef = 9ACF8CD82803F13700FBD012 /* weather_forecastUITestsLaunchTests.swift */; };
/* End PBXBuildFile section */

/* Begin PBXContainerItemProxy section */
		9ACF8CC92803F13700FBD012 /* PBXContainerItemProxy */ = {
			isa = PBXContainerItemProxy;
			containerPortal = 9ACF8CB02803F13300FBD012 /* Project object */;
			proxyType = 1;
			remoteGlobalIDString = 9ACF8CB72803F13300FBD012;
			remoteInfo = "weather-forecast";
		};
		9ACF8CD32803F13700FBD012 /* PBXContainerItemProxy */ = {
			isa = PBXContainerItemProxy;
			containerPortal = 9ACF8CB02803F13300FBD012 /* Project object */;
			proxyType = 1;
			remoteGlobalIDString = 9ACF8CB72803F13300FBD012;
			remoteInfo = "weather-forecast";
		};
/* End PBXContainerItemProxy section */

/* Begin PBXFileReference section */
		9ACF8CB82803F13400FBD012 /* weather-forecast.app */ = {isa = PBXFileReference; explicitFileType = wrapper.application; includeInIndex = 0; path = "weather-forecast.app"; sourceTree = BUILT_PRODUCTS_DIR; };
		9ACF8CBB2803F13400FBD012 /* weather_forecastApp.swift */ = {isa = PBXFileReference; lastKnownFileType = sourcecode.swift; path = weather_forecastApp.swift; sourceTree = "<group>"; };
		9ACF8CBD2803F13400FBD012 /* ContentView.swift */ = {isa = PBXFileReference; lastKnownFileType = sourcecode.swift; path = ContentView.swift; sourceTree = "<group>"; };
		9ACF8CBF2803F13600FBD012 /* Assets.xcassets */ = {isa = PBXFileReference; lastKnownFileType = folder.assetcatalog; path = Assets.xcassets; sourceTree = "<group>"; };
		9ACF8CC22803F13600FBD012 /* Preview Assets.xcassets */ = {isa = PBXFileReference; lastKnownFileType = folder.assetcatalog; path = "Preview Assets.xcassets"; sourceTree = "<group>"; };
		9ACF8CC82803F13700FBD012 /* weather-forecastTests.xctest */ = {isa = PBXFileReference; explicitFileType = wrapper.cfbundle; includeInIndex = 0; path = "weather-forecastTests.xctest"; sourceTree = BUILT_PRODUCTS_DIR; };
		9ACF8CCC2803F13700FBD012 /* weather_forecastTests.swift */ = {isa = PBXFileReference; lastKnownFileType = sourcecode.swift; path = weather_forecastTests.swift; sourceTree = "<group>"; };
		9ACF8CD22803F13700FBD012 /* weather-forecastUITests.xctest */ = {isa = PBXFileReference; explicitFileType = wrapper.cfbundle; includeInIndex = 0; path = "weather-forecastUITests.xctest"; sourceTree = BUILT_PRODUCTS_DIR; };
		9ACF8CD62803F13700FBD012 /* weather_forecastUITests.swift */ = {isa = PBXFileReference; lastKnownFileType = sourcecode.swift; path = weather_forecastUITests.swift; sourceTree = "<group>"; };
		9ACF8CD82803F13700FBD012 /* weather_forecastUITestsLaunchTests.swift */ = {isa = PBXFileReference; lastKnownFileType = sourcecode.swift; path = weather_forecastUITestsLaunchTests.swift; sourceTree = "<group>"; };
/* End PBXFileReference section */

/* Begin PBXFrameworksBuildPhase section */
		9ACF8CB52803F13300FBD012 /* Frameworks */ = {
			isa = PBXFrameworksBuildPhase;
			buildActionMask = 2147483647;
			files = (
			);
			runOnlyForDeploymentPostprocessing = 0;
		};
		9ACF8CC52803F13700FBD012 /* Frameworks */ = {
			isa = PBXFrameworksBuildPhase;
			buildActionMask = 2147483647;
			files = (
			);
			runOnlyForDeploymentPostprocessing = 0;
		};
		9ACF8CCF2803F13700FBD012 /* Frameworks */ = {
			isa = PBXFrameworksBuildPhase;
			buildActionMask = 2147483647;
			files = (
			);
			runOnlyForDeploymentPostprocessing = 0;
		};
/* End PBXFrameworksBuildPhase section */

/* Begin PBXGroup section */
		9ACF8CAF2803F13300FBD012 = {
			isa = PBXGroup;
			children = (
				9ACF8CBA2803F13400FBD012 /* weather-forecast */,
				9ACF8CCB2803F13700FBD012 /* weather-forecastTests */,
				9ACF8CD52803F13700FBD012 /* weather-forecastUITests */,
				9ACF8CB92803F13400FBD012 /* Products */,
			);
			sourceTree = "<group>";
		};
		9ACF8CB92803F13400FBD012 /* Products */ = {
			isa = PBXGroup;
			children = (
				9ACF8CB82803F13400FBD012 /* weather-forecast.app */,
				9ACF8CC82803F13700FBD012 /* weather-forecastTests.xctest */,
				9ACF8CD22803F13700FBD012 /* weather-forecastUITests.xctest */,
			);
			name = Products;
			sourceTree = "<group>";
		};
		9ACF8CBA2803F13400FBD012 /* weather-forecast */ = {
			isa = PBXGroup;
			children = (
				9ACF8CBB2803F13400FBD012 /* weather_forecastApp.swift */,
				9ACF8CBD2803F13400FBD012 /* ContentView.swift */,
				9ACF8CBF2803F13600FBD012 /* Assets.xcassets */,
				9ACF8CC12803F13600FBD012 /* Preview Content */,
			);
			path = "weather-forecast";
			sourceTree = "<group>";
		};
		9ACF8CC12803F13600FBD012 /* Preview Content */ = {
			isa = PBXGroup;
			children = (
				9ACF8CC22803F13600FBD012 /* Preview Assets.xcassets */,
			);
			path = "Preview Content";
			sourceTree = "<group>";
		};
		9ACF8CCB2803F13700FBD012 /* weather-forecastTests */ = {
			isa = PBXGroup;
			children = (
				9ACF8CCC2803F13700FBD012 /* weather_forecastTests.swift */,
			);
			path = "weather-forecastTests";
			sourceTree = "<group>";
		};
		9ACF8CD52803F13700FBD012 /* weather-forecastUITests */ = {
			isa = PBXGroup;
			children = (
				9ACF8CD62803F13700FBD012 /* weather_forecastUITests.swift */,
				9ACF8CD82803F13700FBD012 /* weather_forecastUITestsLaunchTests.swift */,
			);
			path = "weather-forecastUITests";
			sourceTree = "<group>";
		};
/* End PBXGroup section */

/* Begin PBXNativeTarget section */
		9ACF8CB72803F13300FBD012 /* weather-forecast */ = {
			isa = PBXNativeTarget;
			buildConfigurationList = 9ACF8CDC2803F13700FBD012 /* Build configuration list for PBXNativeTarget "weather-forecast" */;
			buildPhases = (
				9ACF8CB42803F13300FBD012 /* Sources */,
				9ACF8CB52803F13300FBD012 /* Frameworks */,
				9ACF8CB62803F13300FBD012 /* Resources */,
			);
			buildRules = (
			);
			dependencies = (
			);
			name = "weather-forecast";
			productName = "weather-forecast";
			productReference = 9ACF8CB82803F13400FBD012 /* weather-forecast.app */;
			productType = "com.apple.product-type.application";
		};
		9ACF8CC72803F13700FBD012 /* weather-forecastTests */ = {
			isa = PBXNativeTarget;
			buildConfigurationList = 9ACF8CDF2803F13700FBD012 /* Build configuration list for PBXNativeTarget "weather-forecastTests" */;
			buildPhases = (
				9ACF8CC42803F13700FBD012 /* Sources */,
				9ACF8CC52803F13700FBD012 /* Frameworks */,
				9ACF8CC62803F13700FBD012 /* Resources */,
			);
			buildRules = (
			);
			dependencies = (
				9ACF8CCA2803F13700FBD012 /* PBXTargetDependency */,
			);
			name = "weather-forecastTests";
			productName = "weather-forecastTests";
			productReference = 9ACF8CC82803F13700FBD012 /* weather-forecastTests.xctest */;
			productType = "com.apple.product-type.bundle.unit-test";
		};
		9ACF8CD12803F13700FBD012 /* weather-forecastUITests */ = {
			isa = PBXNativeTarget;
			buildConfigurationList = 9ACF8CE22803F13700FBD012 /* Build configuration list for PBXNativeTarget "weather-forecastUITests" */;
			buildPhases = (
				9ACF8CCE2803F13700FBD012 /* Sources */,
				9ACF8CCF2803F13700FBD012 /* Frameworks */,
				9ACF8CD02803F13700FBD012 /* Resources */,
			);
			buildRules = (
			);
			dependencies = (
				9ACF8CD42803F13700FBD012 /* PBXTargetDependency */,
			);
			name = "weather-forecastUITests";
			productName = "weather-forecastUITests";
			productReference = 9ACF8CD22803F13700FBD012 /* weather-forecastUITests.xctest */;
			productType = "com.apple.product-type.bundle.ui-testing";
		};
/* End PBXNativeTarget section */

/* Begin PBXProject section */
		9ACF8CB02803F13300FBD012 /* Project object */ = {
			isa = PBXProject;
			attributes = {
				BuildIndependentTargetsInParallel = 1;
				LastSwiftUpdateCheck = 1330;
				LastUpgradeCheck = 1330;
				TargetAttributes = {
					9ACF8CB72803F13300FBD012 = {
						CreatedOnToolsVersion = 13.3;
					};
					9ACF8CC72803F13700FBD012 = {
						CreatedOnToolsVersion = 13.3;
						TestTargetID = 9ACF8CB72803F13300FBD012;
					};
					9ACF8CD12803F13700FBD012 = {
						CreatedOnToolsVersion = 13.3;
						TestTargetID = 9ACF8CB72803F13300FBD012;
					};
				};
			};
			buildConfigurationList = 9ACF8CB32803F13300FBD012 /* Build configuration list for PBXProject "weather-forecast" */;
			compatibilityVersion = "Xcode 13.0";
			developmentRegion = en;
			hasScannedForEncodings = 0;
			knownRegions = (
				en,
				Base,
			);
			mainGroup = 9ACF8CAF2803F13300FBD012;
			productRefGroup = 9ACF8CB92803F13400FBD012 /* Products */;
			projectDirPath = "";
			projectRoot = "";
			targets = (
				9ACF8CB72803F13300FBD012 /* weather-forecast */,
				9ACF8CC72803F13700FBD012 /* weather-forecastTests */,
				9ACF8CD12803F13700FBD012 /* weather-forecastUITests */,
			);
		};
/* End PBXProject section */

/* Begin PBXResourcesBuildPhase section */
		9ACF8CB62803F13300FBD012 /* Resources */ = {
			isa = PBXResourcesBuildPhase;
			buildActionMask = 2147483647;
			files = (
				9ACF8CC32803F13600FBD012 /* Preview Assets.xcassets in Resources */,
				9ACF8CC02803F13600FBD012 /* Assets.xcassets in Resources */,
			);
			runOnlyForDeploymentPostprocessing = 0;
		};
		9ACF8CC62803F13700FBD012 /* Resources */ = {
			isa = PBXResourcesBuildPhase;
			buildActionMask = 2147483647;
			files = (
			);
			runOnlyForDeploymentPostprocessing = 0;
		};
		9ACF8CD02803F13700FBD012 /* Resources */ = {
			isa = PBXResourcesBuildPhase;
			buildActionMask = 2147483647;
			files = (
			);
			runOnlyForDeploymentPostprocessing = 0;
		};
/* End PBXResourcesBuildPhase section */

/* Begin PBXSourcesBuildPhase section */
		9ACF8CB42803F13300FBD012 /* Sources */ = {
			isa = PBXSourcesBuildPhase;
			buildActionMask = 2147483647;
			files = (
				9ACF8CBE2803F13400FBD012 /* ContentView.swift in Sources */,
				9ACF8CBC2803F13400FBD012 /* weather_forecastApp.swift in Sources */,
			);
			runOnlyForDeploymentPostprocessing = 0;
		};
		9ACF8CC42803F13700FBD012 /* Sources */ = {
			isa = PBXSourcesBuildPhase;
			buildActionMask = 2147483647;
			files = (
				9ACF8CCD2803F13700FBD012 /* weather_forecastTests.swift in Sources */,
			);
			runOnlyForDeploymentPostprocessing = 0;
		};
		9ACF8CCE2803F13700FBD012 /* Sources */ = {
			isa = PBXSourcesBuildPhase;
			buildActionMask = 2147483647;
			files = (
				9ACF8CD92803F13700FBD012 /* weather_forecastUITestsLaunchTests.swift in Sources */,
				9ACF8CD72803F13700FBD012 /* weather_forecastUITests.swift in Sources */,
			);
			runOnlyForDeploymentPostprocessing = 0;
		};
/* End PBXSourcesBuildPhase section */

/* Begin PBXTargetDependency section */
		9ACF8CCA2803F13700FBD012 /* PBXTargetDependency */ = {
			isa = PBXTargetDependency;
			target = 9ACF8CB72803F13300FBD012 /* weather-forecast */;
			targetProxy = 9ACF8CC92803F13700FBD012 /* PBXContainerItemProxy */;
		};
		9ACF8CD42803F13700FBD012 /* PBXTargetDependency */ = {
			isa = PBXTargetDependency;
			target = 9ACF8CB72803F13300FBD012 /* weather-forecast */;
			targetProxy = 9ACF8CD32803F13700FBD012 /* PBXContainerItemProxy */;
		};
/* End PBXTargetDependency section */

/* Begin XCBuildConfiguration section */
		9ACF8CDA2803F13700FBD012 /* Debug */ = {
			isa = XCBuildConfiguration;
			buildSettings = {
				ALWAYS_SEARCH_USER_PATHS = NO;
				CLANG_ANALYZER_NONNULL = YES;
				CLANG_ANALYZER_NUMBER_OBJECT_CONVERSION = YES_AGGRESSIVE;
				CLANG_CXX_LANGUAGE_STANDARD = "gnu++17";
				CLANG_ENABLE_MODULES = YES;
				CLANG_ENABLE_OBJC_ARC = YES;
				CLANG_ENABLE_OBJC_WEAK = YES;
				CLANG_WARN_BLOCK_CAPTURE_AUTORELEASING = YES;
				CLANG_WARN_BOOL_CONVERSION = YES;
				CLANG_WARN_COMMA = YES;
				CLANG_WARN_CONSTANT_CONVERSION = YES;
				CLANG_WARN_DEPRECATED_OBJC_IMPLEMENTATIONS = YES;
				CLANG_WARN_DIRECT_OBJC_ISA_USAGE = YES_ERROR;
				CLANG_WARN_DOCUMENTATION_COMMENTS = YES;
				CLANG_WARN_EMPTY_BODY = YES;
				CLANG_WARN_ENUM_CONVERSION = YES;
				CLANG_WARN_INFINITE_RECURSION = YES;
				CLANG_WARN_INT_CONVERSION = YES;
				CLANG_WARN_NON_LITERAL_NULL_CONVERSION = YES;
				CLANG_WARN_OBJC_IMPLICIT_RETAIN_SELF = YES;
				CLANG_WARN_OBJC_LITERAL_CONVERSION = YES;
				CLANG_WARN_OBJC_ROOT_CLASS = YES_ERROR;
				CLANG_WARN_QUOTED_INCLUDE_IN_FRAMEWORK_HEADER = YES;
				CLANG_WARN_RANGE_LOOP_ANALYSIS = YES;
				CLANG_WARN_STRICT_PROTOTYPES = YES;
				CLANG_WARN_SUSPICIOUS_MOVE = YES;
				CLANG_WARN_UNGUARDED_AVAILABILITY = YES_AGGRESSIVE;
				CLANG_WARN_UNREACHABLE_CODE = YES;
				CLANG_WARN__DUPLICATE_METHOD_MATCH = YES;
				COPY_PHASE_STRIP = NO;
				DEBUG_INFORMATION_FORMAT = dwarf;
				ENABLE_STRICT_OBJC_MSGSEND = YES;
				ENABLE_TESTABILITY = YES;
				GCC_C_LANGUAGE_STANDARD = gnu11;
				GCC_DYNAMIC_NO_PIC = NO;
				GCC_NO_COMMON_BLOCKS = YES;
				GCC_OPTIMIZATION_LEVEL = 0;
				GCC_PREPROCESSOR_DEFINITIONS = (
					"DEBUG=1",
					"$(inherited)",
				);
				GCC_WARN_64_TO_32_BIT_CONVERSION = YES;
				GCC_WARN_ABOUT_RETURN_TYPE = YES_ERROR;
				GCC_WARN_UNDECLARED_SELECTOR = YES;
				GCC_WARN_UNINITIALIZED_AUTOS = YES_AGGRESSIVE;
				GCC_WARN_UNUSED_FUNCTION = YES;
				GCC_WARN_UNUSED_VARIABLE = YES;
				IPHONEOS_DEPLOYMENT_TARGET = 15.4;
				MTL_ENABLE_DEBUG_INFO = INCLUDE_SOURCE;
				MTL_FAST_MATH = YES;
				ONLY_ACTIVE_ARCH = YES;
				SDKROOT = iphoneos;
				SWIFT_ACTIVE_COMPILATION_CONDITIONS = DEBUG;
				SWIFT_OPTIMIZATION_LEVEL = "-Onone";
			};
			name = Debug;
		};
		9ACF8CDB2803F13700FBD012 /* Release */ = {
			isa = XCBuildConfiguration;
			buildSettings = {
				ALWAYS_SEARCH_USER_PATHS = NO;
				CLANG_ANALYZER_NONNULL = YES;
				CLANG_ANALYZER_NUMBER_OBJECT_CONVERSION = YES_AGGRESSIVE;
				CLANG_CXX_LANGUAGE_STANDARD = "gnu++17";
				CLANG_ENABLE_MODULES = YES;
				CLANG_ENABLE_OBJC_ARC = YES;
				CLANG_ENABLE_OBJC_WEAK = YES;
				CLANG_WARN_BLOCK_CAPTURE_AUTORELEASING = YES;
				CLANG_WARN_BOOL_CONVERSION = YES;
				CLANG_WARN_COMMA = YES;
				CLANG_WARN_CONSTANT_CONVERSION = YES;
				CLANG_WARN_DEPRECATED_OBJC_IMPLEMENTATIONS = YES;
				CLANG_WARN_DIRECT_OBJC_ISA_USAGE = YES_ERROR;
				CLANG_WARN_DOCUMENTATION_COMMENTS = YES;
				CLANG_WARN_EMPTY_BODY = YES;
				CLANG_WARN_ENUM_CONVERSION = YES;
				CLANG_WARN_INFINITE_RECURSION = YES;
				CLANG_WARN_INT_CONVERSION = YES;
				CLANG_WARN_NON_LITERAL_NULL_CONVERSION = YES;
				CLANG_WARN_OBJC_IMPLICIT_RETAIN_SELF = YES;
				CLANG_WARN_OBJC_LITERAL_CONVERSION = YES;
				CLANG_WARN_OBJC_ROOT_CLASS = YES_ERROR;
				CLANG_WARN_QUOTED_INCLUDE_IN_FRAMEWORK_HEADER = YES;
				CLANG_WARN_RANGE_LOOP_ANALYSIS = YES;
				CLANG_WARN_STRICT_PROTOTYPES = YES;
				CLANG_WARN_SUSPICIOUS_MOVE = YES;
				CLANG_WARN_UNGUARDED_AVAILABILITY = YES_AGGRESSIVE;
				CLANG_WARN_UNREACHABLE_CODE = YES;
				CLANG_WARN__DUPLICATE_METHOD_MATCH = YES;
				COPY_PHASE_STRIP = NO;
				DEBUG_INFORMATION_FORMAT = "dwarf-with-dsym";
				ENABLE_NS_ASSERTIONS = NO;
				ENABLE_STRICT_OBJC_MSGSEND = YES;
				GCC_C_LANGUAGE_STANDARD = gnu11;
				GCC_NO_COMMON_BLOCKS = YES;
				GCC_WARN_64_TO_32_BIT_CONVERSION = YES;
				GCC_WARN_ABOUT_RETURN_TYPE = YES_ERROR;
				GCC_WARN_UNDECLARED_SELECTOR = YES;
				GCC_WARN_UNINITIALIZED_AUTOS = YES_AGGRESSIVE;
				GCC_WARN_UNUSED_FUNCTION = YES;
				GCC_WARN_UNUSED_VARIABLE = YES;
				IPHONEOS_DEPLOYMENT_TARGET = 15.4;
				MTL_ENABLE_DEBUG_INFO = NO;
				MTL_FAST_MATH = YES;
				SDKROOT = iphoneos;
				SWIFT_COMPILATION_MODE = wholemodule;
				SWIFT_OPTIMIZATION_LEVEL = "-O";
				VALIDATE_PRODUCT = YES;
			};
			name = Release;
		};
		9ACF8CDD2803F13700FBD012 /* Debug */ = {
			isa = XCBuildConfiguration;
			buildSettings = {
				ASSETCATALOG_COMPILER_APPICON_NAME = AppIcon;
				ASSETCATALOG_COMPILER_GLOBAL_ACCENT_COLOR_NAME = AccentColor;
				CODE_SIGN_STYLE = Automatic;
				CURRENT_PROJECT_VERSION = 1;
				DEVELOPMENT_ASSET_PATHS = "\"weather-forecast/Preview Content\"";
				DEVELOPMENT_TEAM = A6QY3C7GFD;
				ENABLE_PREVIEWS = YES;
				GENERATE_INFOPLIST_FILE = YES;
				INFOPLIST_KEY_UIApplicationSceneManifest_Generation = YES;
				INFOPLIST_KEY_UIApplicationSupportsIndirectInputEvents = YES;
				INFOPLIST_KEY_UILaunchScreen_Generation = YES;
				INFOPLIST_KEY_UISupportedInterfaceOrientations_iPad = "UIInterfaceOrientationPortrait UIInterfaceOrientationPortraitUpsideDown UIInterfaceOrientationLandscapeLeft UIInterfaceOrientationLandscapeRight";
				INFOPLIST_KEY_UISupportedInterfaceOrientations_iPhone = "UIInterfaceOrientationPortrait UIInterfaceOrientationLandscapeLeft UIInterfaceOrientationLandscapeRight";
				LD_RUNPATH_SEARCH_PATHS = (
					"$(inherited)",
					"@executable_path/Frameworks",
				);
				MARKETING_VERSION = 1.0;
				PRODUCT_BUNDLE_IDENTIFIER = "com.quocle.weather-forecast";
				PRODUCT_NAME = "$(TARGET_NAME)";
				SWIFT_EMIT_LOC_STRINGS = YES;
				SWIFT_VERSION = 5.0;
				TARGETED_DEVICE_FAMILY = "1,2";
			};
			name = Debug;
		};
		9ACF8CDE2803F13700FBD012 /* Release */ = {
			isa = XCBuildConfiguration;
			buildSettings = {
				ASSETCATALOG_COMPILER_APPICON_NAME = AppIcon;
				ASSETCATALOG_COMPILER_GLOBAL_ACCENT_COLOR_NAME = AccentColor;
				CODE_SIGN_STYLE = Automatic;
				CURRENT_PROJECT_VERSION = 1;
				DEVELOPMENT_ASSET_PATHS = "\"weather-forecast/Preview Content\"";
				DEVELOPMENT_TEAM = A6QY3C7GFD;
				ENABLE_PREVIEWS = YES;
				GENERATE_INFOPLIST_FILE = YES;
				INFOPLIST_KEY_UIApplicationSceneManifest_Generation = YES;
				INFOPLIST_KEY_UIApplicationSupportsIndirectInputEvents = YES;
				INFOPLIST_KEY_UILaunchScreen_Generation = YES;
				INFOPLIST_KEY_UISupportedInterfaceOrientations_iPad = "UIInterfaceOrientationPortrait UIInterfaceOrientationPortraitUpsideDown UIInterfaceOrientationLandscapeLeft UIInterfaceOrientationLandscapeRight";
				INFOPLIST_KEY_UISupportedInterfaceOrientations_iPhone = "UIInterfaceOrientationPortrait UIInterfaceOrientationLandscapeLeft UIInterfaceOrientationLandscapeRight";
				LD_RUNPATH_SEARCH_PATHS = (
					"$(inherited)",
					"@executable_path/Frameworks",
				);
				MARKETING_VERSION = 1.0;
				PRODUCT_BUNDLE_IDENTIFIER = "com.quocle.weather-forecast";
				PRODUCT_NAME = "$(TARGET_NAME)";
				SWIFT_EMIT_LOC_STRINGS = YES;
				SWIFT_VERSION = 5.0;
				TARGETED_DEVICE_FAMILY = "1,2";
			};
			name = Release;
		};
		9ACF8CE02803F13700FBD012 /* Debug */ = {
			isa = XCBuildConfiguration;
			buildSettings = {
				ALWAYS_EMBED_SWIFT_STANDARD_LIBRARIES = YES;
				BUNDLE_LOADER = "$(TEST_HOST)";
				CODE_SIGN_STYLE = Automatic;
				CURRENT_PROJECT_VERSION = 1;
				DEVELOPMENT_TEAM = A6QY3C7GFD;
				GENERATE_INFOPLIST_FILE = YES;
				IPHONEOS_DEPLOYMENT_TARGET = 15.4;
				MARKETING_VERSION = 1.0;
				PRODUCT_BUNDLE_IDENTIFIER = "com.quocle.weather-forecastTests";
				PRODUCT_NAME = "$(TARGET_NAME)";
				SWIFT_EMIT_LOC_STRINGS = NO;
				SWIFT_VERSION = 5.0;
				TARGETED_DEVICE_FAMILY = "1,2";
				TEST_HOST = "$(BUILT_PRODUCTS_DIR)/weather-forecast.app/weather-forecast";
			};
			name = Debug;
		};
		9ACF8CE12803F13700FBD012 /* Release */ = {
			isa = XCBuildConfiguration;
			buildSettings = {
				ALWAYS_EMBED_SWIFT_STANDARD_LIBRARIES = YES;
				BUNDLE_LOADER = "$(TEST_HOST)";
				CODE_SIGN_STYLE = Automatic;
				CURRENT_PROJECT_VERSION = 1;
				DEVELOPMENT_TEAM = A6QY3C7GFD;
				GENERATE_INFOPLIST_FILE = YES;
				IPHONEOS_DEPLOYMENT_TARGET = 15.4;
				MARKETING_VERSION = 1.0;
				PRODUCT_BUNDLE_IDENTIFIER = "com.quocle.weather-forecastTests";
				PRODUCT_NAME = "$(TARGET_NAME)";
				SWIFT_EMIT_LOC_STRINGS = NO;
				SWIFT_VERSION = 5.0;
				TARGETED_DEVICE_FAMILY = "1,2";
				TEST_HOST = "$(BUILT_PRODUCTS_DIR)/weather-forecast.app/weather-forecast";
			};
			name = Release;
		};
		9ACF8CE32803F13700FBD012 /* Debug */ = {
			isa = XCBuildConfiguration;
			buildSettings = {
				ALWAYS_EMBED_SWIFT_STANDARD_LIBRARIES = YES;
				CODE_SIGN_STYLE = Automatic;
				CURRENT_PROJECT_VERSION = 1;
				DEVELOPMENT_TEAM = A6QY3C7GFD;
				GENERATE_INFOPLIST_FILE = YES;
				MARKETING_VERSION = 1.0;
				PRODUCT_BUNDLE_IDENTIFIER = "com.quocle.weather-forecastUITests";
				PRODUCT_NAME = "$(TARGET_NAME)";
				SWIFT_EMIT_LOC_STRINGS = NO;
				SWIFT_VERSION = 5.0;
				TARGETED_DEVICE_FAMILY = "1,2";
				TEST_TARGET_NAME = "weather-forecast";
			};
			name = Debug;
		};
		9ACF8CE42803F13700FBD012 /* Release */ = {
			isa = XCBuildConfiguration;
			buildSettings = {
				ALWAYS_EMBED_SWIFT_STANDARD_LIBRARIES = YES;
				CODE_SIGN_STYLE = Automatic;
				CURRENT_PROJECT_VERSION = 1;
				DEVELOPMENT_TEAM = A6QY3C7GFD;
				GENERATE_INFOPLIST_FILE = YES;
				MARKETING_VERSION = 1.0;
				PRODUCT_BUNDLE_IDENTIFIER = "com.quocle.weather-forecastUITests";
				PRODUCT_NAME = "$(TARGET_NAME)";
				SWIFT_EMIT_LOC_STRINGS = NO;
				SWIFT_VERSION = 5.0;
				TARGETED_DEVICE_FAMILY = "1,2";
				TEST_TARGET_NAME = "weather-forecast";
			};
			name = Release;
		};
/* End XCBuildConfiguration section */

/* Begin XCConfigurationList section */
		9ACF8CB32803F13300FBD012 /* Build configuration list for PBXProject "weather-forecast" */ = {
			isa = XCConfigurationList;
			buildConfigurations = (
				9ACF8CDA2803F13700FBD012 /* Debug */,
				9ACF8CDB2803F13700FBD012 /* Release */,
			);
			defaultConfigurationIsVisible = 0;
			defaultConfigurationName = Release;
		};
		9ACF8CDC2803F13700FBD012 /* Build configuration list for PBXNativeTarget "weather-forecast" */ = {
			isa = XCConfigurationList;
			buildConfigurations = (
				9ACF8CDD2803F13700FBD012 /* Debug */,
				9ACF8CDE2803F13700FBD012 /* Release */,
			);
			defaultConfigurationIsVisible = 0;
			defaultConfigurationName = Release;
		};
		9ACF8CDF2803F13700FBD012 /* Build configuration list for PBXNativeTarget "weather-forecastTests" */ = {
			isa = XCConfigurationList;
			buildConfigurations = (
				9ACF8CE02803F13700FBD012 /* Debug */,
				9ACF8CE12803F13700FBD012 /* Release */,
			);
			defaultConfigurationIsVisible = 0;
			defaultConfigurationName = Release;
		};
		9ACF8CE22803F13700FBD012 /* Build configuration list for PBXNativeTarget "weather-forecastUITests" */ = {
			isa = XCConfigurationList;
			buildConfigurations = (
				9ACF8CE32803F13700FBD012 /* Debug */,
				9ACF8CE42803F13700FBD012 /* Release */,
			);
			defaultConfigurationIsVisible = 0;
			defaultConfigurationName = Release;
		};
/* End XCConfigurationList section */
	};
	rootObject = 9ACF8CB02803F13300FBD012 /* Project object */;
}
